
Microsoft Visual Studio Solution File, Format Version 12.00
# Visual Studio Version 17
VisualStudioVersion = 17.10.35122.118
MinimumVisualStudioVersion = 10.0.40219.1
Project("{FAE04EC0-301F-11D3-BF4B-00C04F79EFBC}") = "CBSANTOMERA_WEB_API", "CBSANTOMERA\CBSANTOMERA_WEB_API.csproj", "{E56BF2DF-927F-470F-8DF7-93C493DF1165}"
EndProject
Project("{FAE04EC0-301F-11D3-BF4B-00C04F79EFBC}") = "CBSANTOMERA.MODEL", "CBSANTOMERA.MODEL\CBSANTOMERA.MODEL.csproj", "{0A9044CD-026C-44F1-9E87-8EAD68C86CAD}"
EndProject
Project("{FAE04EC0-301F-11D3-BF4B-00C04F79EFBC}") = "CBSANTOMERA.DTO", "CBSANTOMERA.DTO\CBSANTOMERA.DTO.csproj", "{4CC315E5-F781-4878-BCE2-7450AF5782B2}"
EndProject
Project("{FAE04EC0-301F-11D3-BF4B-00C04F79EFBC}") = "CBSANTOMERA.UTILITY", "CBSANTOMERA.UTILITY\CBSANTOMERA.UTILITY.csproj", "{34126776-0B89-4AA6-B5CF-17EEFDA40B0C}"
EndProject
Project("{FAE04EC0-301F-11D3-BF4B-00C04F79EFBC}") = "CBSANTOMERA.IOC", "CBSANTOMERA.IOC\CBSANTOMERA.IOC.csproj", "{456A2C1C-26B0-455C-A767-6AD05A040E2C}"
EndProject
Project("{FAE04EC0-301F-11D3-BF4B-00C04F79EFBC}") = "CBSANTOMERA.DAL", "CBSANTOMERA.DAL\CBSANTOMERA.DAL.csproj", "{2C4310FA-BFA9-48FC-B3FB-3FFC8F8AE3E7}"
EndProject
Project("{FAE04EC0-301F-11D3-BF4B-00C04F79EFBC}") = "CBSANTOMERA.BLL", "CBSANTOMERA.BLL\CBSANTOMERA.BLL.csproj", "{1FF370E7-0380-4C98-8D3F-49A1DFA9ADA7}"
EndProject
Global
	GlobalSection(SolutionConfigurationPlatforms) = preSolution
		Debug|Any CPU = Debug|Any CPU
		Release|Any CPU = Release|Any CPU
	EndGlobalSection
	GlobalSection(ProjectConfigurationPlatforms) = postSolution
		{E56BF2DF-927F-470F-8DF7-93C493DF1165}.Debug|Any CPU.ActiveCfg = Debug|Any CPU
		{E56BF2DF-927F-470F-8DF7-93C493DF1165}.Debug|Any CPU.Build.0 = Debug|Any CPU
		{E56BF2DF-927F-470F-8DF7-93C493DF1165}.Release|Any CPU.ActiveCfg = Release|Any CPU
		{E56BF2DF-927F-470F-8DF7-93C493DF1165}.Release|Any CPU.Build.0 = Release|Any CPU
		{0A9044CD-026C-44F1-9E87-8EAD68C86CAD}.Debug|Any CPU.ActiveCfg = Debug|Any CPU
		{0A9044CD-026C-44F1-9E87-8EAD68C86CAD}.Debug|Any CPU.Build.0 = Debug|Any CPU
		{0A9044CD-026C-44F1-9E87-8EAD68C86CAD}.Release|Any CPU.ActiveCfg = Release|Any CPU
		{0A9044CD-026C-44F1-9E87-8EAD68C86CAD}.Release|Any CPU.Build.0 = Release|Any CPU
		{4CC315E5-F781-4878-BCE2-7450AF5782B2}.Debug|Any CPU.ActiveCfg = Debug|Any CPU
		{4CC315E5-F781-4878-BCE2-7450AF5782B2}.Debug|Any CPU.Build.0 = Debug|Any CPU
		{4CC315E5-F781-4878-BCE2-7450AF5782B2}.Release|Any CPU.ActiveCfg = Release|Any CPU
		{4CC315E5-F781-4878-BCE2-7450AF5782B2}.Release|Any CPU.Build.0 = Release|Any CPU
		{34126776-0B89-4AA6-B5CF-17EEFDA40B0C}.Debug|Any CPU.ActiveCfg = Debug|Any CPU
		{34126776-0B89-4AA6-B5CF-17EEFDA40B0C}.Debug|Any CPU.Build.0 = Debug|Any CPU
		{34126776-0B89-4AA6-B5CF-17EEFDA40B0C}.Release|Any CPU.ActiveCfg = Release|Any CPU
		{34126776-0B89-4AA6-B5CF-17EEFDA40B0C}.Release|Any CPU.Build.0 = Release|Any CPU
		{456A2C1C-26B0-455C-A767-6AD05A040E2C}.Debug|Any CPU.ActiveCfg = Debug|Any CPU
		{456A2C1C-26B0-455C-A767-6AD05A040E2C}.Debug|Any CPU.Build.0 = Debug|Any CPU
		{456A2C1C-26B0-455C-A767-6AD05A040E2C}.Release|Any CPU.ActiveCfg = Release|Any CPU
		{456A2C1C-26B0-455C-A767-6AD05A040E2C}.Release|Any CPU.Build.0 = Release|Any CPU
		{2C4310FA-BFA9-48FC-B3FB-3FFC8F8AE3E7}.Debug|Any CPU.ActiveCfg = Debug|Any CPU
		{2C4310FA-BFA9-48FC-B3FB-3FFC8F8AE3E7}.Debug|Any CPU.Build.0 = Debug|Any CPU
		{2C4310FA-BFA9-48FC-B3FB-3FFC8F8AE3E7}.Release|Any CPU.ActiveCfg = Release|Any CPU
		{2C4310FA-BFA9-48FC-B3FB-3FFC8F8AE3E7}.Release|Any CPU.Build.0 = Release|Any CPU
		{1FF370E7-0380-4C98-8D3F-49A1DFA9ADA7}.Debug|Any CPU.ActiveCfg = Debug|Any CPU
		{1FF370E7-0380-4C98-8D3F-49A1DFA9ADA7}.Debug|Any CPU.Build.0 = Debug|Any CPU
		{1FF370E7-0380-4C98-8D3F-49A1DFA9ADA7}.Release|Any CPU.ActiveCfg = Release|Any CPU
		{1FF370E7-0380-4C98-8D3F-49A1DFA9ADA7}.Release|Any CPU.Build.0 = Release|Any CPU
	EndGlobalSection
	GlobalSection(SolutionProperties) = preSolution
		HideSolutionNode = FALSE
	EndGlobalSection
	GlobalSection(ExtensibilityGlobals) = postSolution
		SolutionGuid = {7D815C88-9F5A-4BEE-AAA3-629E610EA580}
	EndGlobalSection
EndGlobal
